// !$*UTF8*$!
{
	archiveVersion = 1;
	classes = {
	};
	objectVersion = 48;
	objects = {

/* Begin PBXBuildFile section */
		BF4ABFDF1FAE266E000EBCD3 /* JapaneseCharacters.swift in Sources */ = {isa = PBXBuildFile; fileRef = BF4ABFDE1FAE266E000EBCD3 /* JapaneseCharacters.swift */; };
		BF5FF9531FA0D35D00A46DE0 /* AppDelegate.swift in Sources */ = {isa = PBXBuildFile; fileRef = BF5FF9521FA0D35D00A46DE0 /* AppDelegate.swift */; };
		BF5FF95B1FA0D35D00A46DE0 /* Nukon.xcdatamodeld in Sources */ = {isa = PBXBuildFile; fileRef = BF5FF9591FA0D35D00A46DE0 /* Nukon.xcdatamodeld */; };
		BF5FF95D1FA0D35D00A46DE0 /* Assets.xcassets in Resources */ = {isa = PBXBuildFile; fileRef = BF5FF95C1FA0D35D00A46DE0 /* Assets.xcassets */; };
		BF5FF9601FA0D35D00A46DE0 /* LaunchScreen.storyboard in Resources */ = {isa = PBXBuildFile; fileRef = BF5FF95E1FA0D35D00A46DE0 /* LaunchScreen.storyboard */; };
		BF5FF96E1FA0D56300A46DE0 /* Main.storyboard in Resources */ = {isa = PBXBuildFile; fileRef = BF5FF96C1FA0D56300A46DE0 /* Main.storyboard */; };
		BF5FF9731FA0D89600A46DE0 /* UserProfile.storyboard in Resources */ = {isa = PBXBuildFile; fileRef = BF5FF9721FA0D89500A46DE0 /* UserProfile.storyboard */; };
		BF5FF9751FA0D91200A46DE0 /* Practice.storyboard in Resources */ = {isa = PBXBuildFile; fileRef = BF5FF9741FA0D91200A46DE0 /* Practice.storyboard */; };
		BF5FF9771FA0D9D500A46DE0 /* UserProfileViewController.swift in Sources */ = {isa = PBXBuildFile; fileRef = BF5FF9761FA0D9D500A46DE0 /* UserProfileViewController.swift */; };
		BF5FF97B1FA0DA3300A46DE0 /* PracticeViewController.swift in Sources */ = {isa = PBXBuildFile; fileRef = BF5FF97A1FA0DA3300A46DE0 /* PracticeViewController.swift */; };
		BF5FF97D1FA0DF9300A46DE0 /* JapaneseCharactersTableViewController.swift in Sources */ = {isa = PBXBuildFile; fileRef = BF5FF97C1FA0DF9300A46DE0 /* JapaneseCharactersTableViewController.swift */; };
		BF5FF97F1FA0DFFB00A46DE0 /* JapaneseCharactersTableViewCell.swift in Sources */ = {isa = PBXBuildFile; fileRef = BF5FF97E1FA0DFFB00A46DE0 /* JapaneseCharactersTableViewCell.swift */; };
		BF5FF9811FA0E2B400A46DE0 /* Japanese.swift in Sources */ = {isa = PBXBuildFile; fileRef = BF5FF9801FA0E2B400A46DE0 /* Japanese.swift */; };
		BF93FD871FA7AAF7003C9F73 /* ShowCharactersViewController.swift in Sources */ = {isa = PBXBuildFile; fileRef = BF93FD861FA7AAF7003C9F73 /* ShowCharactersViewController.swift */; };
/* End PBXBuildFile section */

/* Begin PBXFileReference section */
		BF4ABFDE1FAE266E000EBCD3 /* JapaneseCharacters.swift */ = {isa = PBXFileReference; lastKnownFileType = sourcecode.swift; path = JapaneseCharacters.swift; sourceTree = "<group>"; };
		BF5FF94F1FA0D35D00A46DE0 /* Nukon.app */ = {isa = PBXFileReference; explicitFileType = wrapper.application; includeInIndex = 0; path = Nukon.app; sourceTree = BUILT_PRODUCTS_DIR; };
		BF5FF9521FA0D35D00A46DE0 /* AppDelegate.swift */ = {isa = PBXFileReference; lastKnownFileType = sourcecode.swift; path = AppDelegate.swift; sourceTree = "<group>"; };
		BF5FF95A1FA0D35D00A46DE0 /* Nukon.xcdatamodel */ = {isa = PBXFileReference; lastKnownFileType = wrapper.xcdatamodel; path = Nukon.xcdatamodel; sourceTree = "<group>"; };
		BF5FF95C1FA0D35D00A46DE0 /* Assets.xcassets */ = {isa = PBXFileReference; lastKnownFileType = folder.assetcatalog; path = Assets.xcassets; sourceTree = "<group>"; };
		BF5FF95F1FA0D35D00A46DE0 /* Base */ = {isa = PBXFileReference; lastKnownFileType = file.storyboard; name = Base; path = Base.lproj/LaunchScreen.storyboard; sourceTree = "<group>"; };
		BF5FF9611FA0D35D00A46DE0 /* Info.plist */ = {isa = PBXFileReference; lastKnownFileType = text.plist.xml; path = Info.plist; sourceTree = "<group>"; };
		BF5FF96C1FA0D56300A46DE0 /* Main.storyboard */ = {isa = PBXFileReference; fileEncoding = 4; lastKnownFileType = file.storyboard; path = Main.storyboard; sourceTree = "<group>"; };
		BF5FF9721FA0D89500A46DE0 /* UserProfile.storyboard */ = {isa = PBXFileReference; fileEncoding = 4; lastKnownFileType = file.storyboard; path = UserProfile.storyboard; sourceTree = "<group>"; };
		BF5FF9741FA0D91200A46DE0 /* Practice.storyboard */ = {isa = PBXFileReference; fileEncoding = 4; lastKnownFileType = file.storyboard; path = Practice.storyboard; sourceTree = "<group>"; };
		BF5FF9761FA0D9D500A46DE0 /* UserProfileViewController.swift */ = {isa = PBXFileReference; lastKnownFileType = sourcecode.swift; path = UserProfileViewController.swift; sourceTree = "<group>"; };
		BF5FF97A1FA0DA3300A46DE0 /* PracticeViewController.swift */ = {isa = PBXFileReference; lastKnownFileType = sourcecode.swift; path = PracticeViewController.swift; sourceTree = "<group>"; };
		BF5FF97C1FA0DF9300A46DE0 /* JapaneseCharactersTableViewController.swift */ = {isa = PBXFileReference; lastKnownFileType = sourcecode.swift; path = JapaneseCharactersTableViewController.swift; sourceTree = "<group>"; };
		BF5FF97E1FA0DFFB00A46DE0 /* JapaneseCharactersTableViewCell.swift */ = {isa = PBXFileReference; lastKnownFileType = sourcecode.swift; path = JapaneseCharactersTableViewCell.swift; sourceTree = "<group>"; };
		BF5FF9801FA0E2B400A46DE0 /* Japanese.swift */ = {isa = PBXFileReference; lastKnownFileType = sourcecode.swift; path = Japanese.swift; sourceTree = "<group>"; };
		BF93FD861FA7AAF7003C9F73 /* ShowCharactersViewController.swift */ = {isa = PBXFileReference; lastKnownFileType = sourcecode.swift; path = ShowCharactersViewController.swift; sourceTree = "<group>"; };
/* End PBXFileReference section */

/* Begin PBXFrameworksBuildPhase section */
		BF5FF94C1FA0D35D00A46DE0 /* Frameworks */ = {
			isa = PBXFrameworksBuildPhase;
			buildActionMask = 2147483647;
			files = (
			);
			runOnlyForDeploymentPostprocessing = 0;
		};
/* End PBXFrameworksBuildPhase section */

/* Begin PBXGroup section */
		BF5FF9461FA0D35D00A46DE0 = {
			isa = PBXGroup;
			children = (
				BF5FF9511FA0D35D00A46DE0 /* Nukon */,
				BF5FF9501FA0D35D00A46DE0 /* Products */,
			);
			sourceTree = "<group>";
		};
		BF5FF9501FA0D35D00A46DE0 /* Products */ = {
			isa = PBXGroup;
			children = (
				BF5FF94F1FA0D35D00A46DE0 /* Nukon.app */,
			);
			name = Products;
			sourceTree = "<group>";
		};
		BF5FF9511FA0D35D00A46DE0 /* Nukon */ = {
			isa = PBXGroup;
			children = (
				BF5FF9671FA0D56300A46DE0 /* Controllers */,
				BF5FF96B1FA0D56300A46DE0 /* Storyboards */,
				BF5FF96F1FA0D57200A46DE0 /* Views */,
				BF5FF9711FA0D57200A46DE0 /* Models */,
				BF5FF9701FA0D57200A46DE0 /* Helpers */,
				BF5FF9691FA0D56300A46DE0 /* Services */,
				BF5FF96A1FA0D56300A46DE0 /* Supportings */,
				BF5FF9521FA0D35D00A46DE0 /* AppDelegate.swift */,
				BF5FF95C1FA0D35D00A46DE0 /* Assets.xcassets */,
				BF5FF9611FA0D35D00A46DE0 /* Info.plist */,
			);
			path = Nukon;
			sourceTree = "<group>";
		};
		BF5FF9671FA0D56300A46DE0 /* Controllers */ = {
			isa = PBXGroup;
			children = (
				BF5FF9761FA0D9D500A46DE0 /* UserProfileViewController.swift */,
				BF5FF97A1FA0DA3300A46DE0 /* PracticeViewController.swift */,
				BF5FF97C1FA0DF9300A46DE0 /* JapaneseCharactersTableViewController.swift */,
				BF93FD861FA7AAF7003C9F73 /* ShowCharactersViewController.swift */,
			);
			path = Controllers;
			sourceTree = "<group>";
		};
		BF5FF9691FA0D56300A46DE0 /* Services */ = {
			isa = PBXGroup;
			children = (
			);
			path = Services;
			sourceTree = "<group>";
		};
		BF5FF96A1FA0D56300A46DE0 /* Supportings */ = {
			isa = PBXGroup;
			children = (
				BF5FF95E1FA0D35D00A46DE0 /* LaunchScreen.storyboard */,
			);
			path = Supportings;
			sourceTree = "<group>";
		};
		BF5FF96B1FA0D56300A46DE0 /* Storyboards */ = {
			isa = PBXGroup;
			children = (
				BF5FF96C1FA0D56300A46DE0 /* Main.storyboard */,
				BF5FF9741FA0D91200A46DE0 /* Practice.storyboard */,
				BF5FF9721FA0D89500A46DE0 /* UserProfile.storyboard */,
			);
			path = Storyboards;
			sourceTree = "<group>";
		};
		BF5FF96F1FA0D57200A46DE0 /* Views */ = {
			isa = PBXGroup;
			children = (
				BF5FF97E1FA0DFFB00A46DE0 /* JapaneseCharactersTableViewCell.swift */,
			);
			path = Views;
			sourceTree = "<group>";
		};
		BF5FF9701FA0D57200A46DE0 /* Helpers */ = {
			isa = PBXGroup;
			children = (
			);
			path = Helpers;
			sourceTree = "<group>";
		};
		BF5FF9711FA0D57200A46DE0 /* Models */ = {
			isa = PBXGroup;
			children = (
				BF5FF9591FA0D35D00A46DE0 /* Nukon.xcdatamodeld */,
				BF5FF9801FA0E2B400A46DE0 /* Japanese.swift */,
				BF4ABFDE1FAE266E000EBCD3 /* JapaneseCharacters.swift */,
			);
			path = Models;
			sourceTree = "<group>";
		};
/* End PBXGroup section */

/* Begin PBXNativeTarget section */
		BF5FF94E1FA0D35D00A46DE0 /* Nukon */ = {
			isa = PBXNativeTarget;
			buildConfigurationList = BF5FF9641FA0D35D00A46DE0 /* Build configuration list for PBXNativeTarget "Nukon" */;
			buildPhases = (
				BF5FF94B1FA0D35D00A46DE0 /* Sources */,
				BF5FF94C1FA0D35D00A46DE0 /* Frameworks */,
				BF5FF94D1FA0D35D00A46DE0 /* Resources */,
			);
			buildRules = (
			);
			dependencies = (
			);
			name = Nukon;
			productName = Nukon;
			productReference = BF5FF94F1FA0D35D00A46DE0 /* Nukon.app */;
			productType = "com.apple.product-type.application";
		};
/* End PBXNativeTarget section */

/* Begin PBXProject section */
		BF5FF9471FA0D35D00A46DE0 /* Project object */ = {
			isa = PBXProject;
			attributes = {
				LastSwiftUpdateCheck = 0900;
				LastUpgradeCheck = 0900;
				ORGANIZATIONNAME = "Kaichi Momose";
				TargetAttributes = {
					BF5FF94E1FA0D35D00A46DE0 = {
						CreatedOnToolsVersion = 9.0;
						ProvisioningStyle = Automatic;
					};
				};
			};
			buildConfigurationList = BF5FF94A1FA0D35D00A46DE0 /* Build configuration list for PBXProject "Nukon" */;
			compatibilityVersion = "Xcode 8.0";
			developmentRegion = en;
			hasScannedForEncodings = 0;
			knownRegions = (
				en,
				Base,
			);
			mainGroup = BF5FF9461FA0D35D00A46DE0;
			productRefGroup = BF5FF9501FA0D35D00A46DE0 /* Products */;
			projectDirPath = "";
			projectRoot = "";
			targets = (
				BF5FF94E1FA0D35D00A46DE0 /* Nukon */,
			);
		};
/* End PBXProject section */

/* Begin PBXResourcesBuildPhase section */
		BF5FF94D1FA0D35D00A46DE0 /* Resources */ = {
			isa = PBXResourcesBuildPhase;
			buildActionMask = 2147483647;
			files = (
				BF5FF9751FA0D91200A46DE0 /* Practice.storyboard in Resources */,
				BF5FF96E1FA0D56300A46DE0 /* Main.storyboard in Resources */,
				BF5FF9731FA0D89600A46DE0 /* UserProfile.storyboard in Resources */,
				BF5FF9601FA0D35D00A46DE0 /* LaunchScreen.storyboard in Resources */,
				BF5FF95D1FA0D35D00A46DE0 /* Assets.xcassets in Resources */,
			);
			runOnlyForDeploymentPostprocessing = 0;
		};
/* End PBXResourcesBuildPhase section */

/* Begin PBXSourcesBuildPhase section */
		BF5FF94B1FA0D35D00A46DE0 /* Sources */ = {
			isa = PBXSourcesBuildPhase;
			buildActionMask = 2147483647;
			files = (
				BF5FF9811FA0E2B400A46DE0 /* Japanese.swift in Sources */,
				BF93FD871FA7AAF7003C9F73 /* ShowCharactersViewController.swift in Sources */,
				BF5FF97F1FA0DFFB00A46DE0 /* JapaneseCharactersTableViewCell.swift in Sources */,
				BF5FF97D1FA0DF9300A46DE0 /* JapaneseCharactersTableViewController.swift in Sources */,
				BF5FF9531FA0D35D00A46DE0 /* AppDelegate.swift in Sources */,
				BF5FF97B1FA0DA3300A46DE0 /* PracticeViewController.swift in Sources */,
				BF4ABFDF1FAE266E000EBCD3 /* JapaneseCharacters.swift in Sources */,
				BF5FF9771FA0D9D500A46DE0 /* UserProfileViewController.swift in Sources */,
				BF5FF95B1FA0D35D00A46DE0 /* Nukon.xcdatamodeld in Sources */,
			);
			runOnlyForDeploymentPostprocessing = 0;
		};
/* End PBXSourcesBuildPhase section */

/* Begin PBXVariantGroup section */
		BF5FF95E1FA0D35D00A46DE0 /* LaunchScreen.storyboard */ = {
			isa = PBXVariantGroup;
			children = (
				BF5FF95F1FA0D35D00A46DE0 /* Base */,
			);
			name = LaunchScreen.storyboard;
			sourceTree = "<group>";
		};
/* End PBXVariantGroup section */

/* Begin XCBuildConfiguration section */
		BF5FF9621FA0D35D00A46DE0 /* Debug */ = {
			isa = XCBuildConfiguration;
			buildSettings = {
				ALWAYS_SEARCH_USER_PATHS = NO;
				CLANG_ANALYZER_NONNULL = YES;
				CLANG_ANALYZER_NUMBER_OBJECT_CONVERSION = YES_AGGRESSIVE;
				CLANG_CXX_LANGUAGE_STANDARD = "gnu++14";
				CLANG_CXX_LIBRARY = "libc++";
				CLANG_ENABLE_MODULES = YES;
				CLANG_ENABLE_OBJC_ARC = YES;
				CLANG_WARN_BLOCK_CAPTURE_AUTORELEASING = YES;
				CLANG_WARN_BOOL_CONVERSION = YES;
				CLANG_WARN_COMMA = YES;
				CLANG_WARN_CONSTANT_CONVERSION = YES;
				CLANG_WARN_DIRECT_OBJC_ISA_USAGE = YES_ERROR;
				CLANG_WARN_DOCUMENTATION_COMMENTS = YES;
				CLANG_WARN_EMPTY_BODY = YES;
				CLANG_WARN_ENUM_CONVERSION = YES;
				CLANG_WARN_INFINITE_RECURSION = YES;
				CLANG_WARN_INT_CONVERSION = YES;
				CLANG_WARN_NON_LITERAL_NULL_CONVERSION = YES;
				CLANG_WARN_OBJC_LITERAL_CONVERSION = YES;
				CLANG_WARN_OBJC_ROOT_CLASS = YES_ERROR;
				CLANG_WARN_RANGE_LOOP_ANALYSIS = YES;
				CLANG_WARN_STRICT_PROTOTYPES = YES;
				CLANG_WARN_SUSPICIOUS_MOVE = YES;
				CLANG_WARN_UNGUARDED_AVAILABILITY = YES_AGGRESSIVE;
				CLANG_WARN_UNREACHABLE_CODE = YES;
				CLANG_WARN__DUPLICATE_METHOD_MATCH = YES;
				CODE_SIGN_IDENTITY = "iPhone Developer";
				COPY_PHASE_STRIP = NO;
				DEBUG_INFORMATION_FORMAT = dwarf;
				ENABLE_STRICT_OBJC_MSGSEND = YES;
				ENABLE_TESTABILITY = YES;
				GCC_C_LANGUAGE_STANDARD = gnu11;
				GCC_DYNAMIC_NO_PIC = NO;
				GCC_NO_COMMON_BLOCKS = YES;
				GCC_OPTIMIZATION_LEVEL = 0;
				GCC_PREPROCESSOR_DEFINITIONS = (
					"DEBUG=1",
					"$(inherited)",
				);
				GCC_WARN_64_TO_32_BIT_CONVERSION = YES;
				GCC_WARN_ABOUT_RETURN_TYPE = YES_ERROR;
				GCC_WARN_UNDECLARED_SELECTOR = YES;
				GCC_WARN_UNINITIALIZED_AUTOS = YES_AGGRESSIVE;
				GCC_WARN_UNUSED_FUNCTION = YES;
				GCC_WARN_UNUSED_VARIABLE = YES;
				IPHONEOS_DEPLOYMENT_TARGET = 11.0;
				MTL_ENABLE_DEBUG_INFO = YES;
				ONLY_ACTIVE_ARCH = YES;
				SDKROOT = iphoneos;
				SWIFT_ACTIVE_COMPILATION_CONDITIONS = DEBUG;
				SWIFT_OPTIMIZATION_LEVEL = "-Onone";
			};
			name = Debug;
		};
		BF5FF9631FA0D35D00A46DE0 /* Release */ = {
			isa = XCBuildConfiguration;
			buildSettings = {
				ALWAYS_SEARCH_USER_PATHS = NO;
				CLANG_ANALYZER_NONNULL = YES;
				CLANG_ANALYZER_NUMBER_OBJECT_CONVERSION = YES_AGGRESSIVE;
				CLANG_CXX_LANGUAGE_STANDARD = "gnu++14";
				CLANG_CXX_LIBRARY = "libc++";
				CLANG_ENABLE_MODULES = YES;
				CLANG_ENABLE_OBJC_ARC = YES;
				CLANG_WARN_BLOCK_CAPTURE_AUTORELEASING = YES;
				CLANG_WARN_BOOL_CONVERSION = YES;
				CLANG_WARN_COMMA = YES;
				CLANG_WARN_CONSTANT_CONVERSION = YES;
				CLANG_WARN_DIRECT_OBJC_ISA_USAGE = YES_ERROR;
				CLANG_WARN_DOCUMENTATION_COMMENTS = YES;
				CLANG_WARN_EMPTY_BODY = YES;
				CLANG_WARN_ENUM_CONVERSION = YES;
				CLANG_WARN_INFINITE_RECURSION = YES;
				CLANG_WARN_INT_CONVERSION = YES;
				CLANG_WARN_NON_LITERAL_NULL_CONVERSION = YES;
				CLANG_WARN_OBJC_LITERAL_CONVERSION = YES;
				CLANG_WARN_OBJC_ROOT_CLASS = YES_ERROR;
				CLANG_WARN_RANGE_LOOP_ANALYSIS = YES;
				CLANG_WARN_STRICT_PROTOTYPES = YES;
				CLANG_WARN_SUSPICIOUS_MOVE = YES;
				CLANG_WARN_UNGUARDED_AVAILABILITY = YES_AGGRESSIVE;
				CLANG_WARN_UNREACHABLE_CODE = YES;
				CLANG_WARN__DUPLICATE_METHOD_MATCH = YES;
				CODE_SIGN_IDENTITY = "iPhone Developer";
				COPY_PHASE_STRIP = NO;
				DEBUG_INFORMATION_FORMAT = "dwarf-with-dsym";
				ENABLE_NS_ASSERTIONS = NO;
				ENABLE_STRICT_OBJC_MSGSEND = YES;
				GCC_C_LANGUAGE_STANDARD = gnu11;
				GCC_NO_COMMON_BLOCKS = YES;
				GCC_WARN_64_TO_32_BIT_CONVERSION = YES;
				GCC_WARN_ABOUT_RETURN_TYPE = YES_ERROR;
				GCC_WARN_UNDECLARED_SELECTOR = YES;
				GCC_WARN_UNINITIALIZED_AUTOS = YES_AGGRESSIVE;
				GCC_WARN_UNUSED_FUNCTION = YES;
				GCC_WARN_UNUSED_VARIABLE = YES;
				IPHONEOS_DEPLOYMENT_TARGET = 11.0;
				MTL_ENABLE_DEBUG_INFO = NO;
				SDKROOT = iphoneos;
				SWIFT_OPTIMIZATION_LEVEL = "-Owholemodule";
				VALIDATE_PRODUCT = YES;
			};
			name = Release;
		};
		BF5FF9651FA0D35D00A46DE0 /* Debug */ = {
			isa = XCBuildConfiguration;
			buildSettings = {
				ASSETCATALOG_COMPILER_APPICON_NAME = AppIcon;
				CODE_SIGN_STYLE = Automatic;
				DEVELOPMENT_TEAM = CGUE68EN3T;
				INFOPLIST_FILE = Nukon/Info.plist;
				LD_RUNPATH_SEARCH_PATHS = "$(inherited) @executable_path/Frameworks";
				PRODUCT_BUNDLE_IDENTIFIER = "com.momose-kaichi.Nukon";
				PRODUCT_NAME = "$(TARGET_NAME)";
				SWIFT_VERSION = 4.0;
				TARGETED_DEVICE_FAMILY = "1,2";
			};
			name = Debug;
		};
		BF5FF9661FA0D35D00A46DE0 /* Release */ = {
			isa = XCBuildConfiguration;
			buildSettings = {
				ASSETCATALOG_COMPILER_APPICON_NAME = AppIcon;
				CODE_SIGN_STYLE = Automatic;
				DEVELOPMENT_TEAM = CGUE68EN3T;
				INFOPLIST_FILE = Nukon/Info.plist;
				LD_RUNPATH_SEARCH_PATHS = "$(inherited) @executable_path/Frameworks";
				PRODUCT_BUNDLE_IDENTIFIER = "com.momose-kaichi.Nukon";
				PRODUCT_NAME = "$(TARGET_NAME)";
				SWIFT_VERSION = 4.0;
				TARGETED_DEVICE_FAMILY = "1,2";
			};
			name = Release;
		};
/* End XCBuildConfiguration section */

/* Begin XCConfigurationList section */
		BF5FF94A1FA0D35D00A46DE0 /* Build configuration list for PBXProject "Nukon" */ = {
			isa = XCConfigurationList;
			buildConfigurations = (
				BF5FF9621FA0D35D00A46DE0 /* Debug */,
				BF5FF9631FA0D35D00A46DE0 /* Release */,
			);
			defaultConfigurationIsVisible = 0;
			defaultConfigurationName = Release;
		};
		BF5FF9641FA0D35D00A46DE0 /* Build configuration list for PBXNativeTarget "Nukon" */ = {
			isa = XCConfigurationList;
			buildConfigurations = (
				BF5FF9651FA0D35D00A46DE0 /* Debug */,
				BF5FF9661FA0D35D00A46DE0 /* Release */,
			);
			defaultConfigurationIsVisible = 0;
			defaultConfigurationName = Release;
		};
/* End XCConfigurationList section */

/* Begin XCVersionGroup section */
		BF5FF9591FA0D35D00A46DE0 /* Nukon.xcdatamodeld */ = {
			isa = XCVersionGroup;
			children = (
				BF5FF95A1FA0D35D00A46DE0 /* Nukon.xcdatamodel */,
			);
			currentVersion = BF5FF95A1FA0D35D00A46DE0 /* Nukon.xcdatamodel */;
			path = Nukon.xcdatamodeld;
			sourceTree = "<group>";
			versionGroupType = wrapper.xcdatamodel;
		};
/* End XCVersionGroup section */
	};
	rootObject = BF5FF9471FA0D35D00A46DE0 /* Project object */;
}
