// !$*UTF8*$!
{
	archiveVersion = 1;
	classes = {
	};
	objectVersion = 50;
	objects = {

/* Begin PBXBuildFile section */
		BF0A86991FB8C32B00B8305A /* AlertHelper.swift in Sources */ = {isa = PBXBuildFile; fileRef = BF0A86981FB8C32B00B8305A /* AlertHelper.swift */; };
		BF4ABFDF1FAE266E000EBCD3 /* JapaneseCharacters.swift in Sources */ = {isa = PBXBuildFile; fileRef = BF4ABFDE1FAE266E000EBCD3 /* JapaneseCharacters.swift */; };
		BF504223204CCAAD00490A1A /* MenuBar.swift in Sources */ = {isa = PBXBuildFile; fileRef = BF504222204CCAAD00490A1A /* MenuBar.swift */; };
		BF504225204CCEF700490A1A /* UIView+extension.swift in Sources */ = {isa = PBXBuildFile; fileRef = BF504224204CCEF700490A1A /* UIView+extension.swift */; };
		BF504227204CEA4A00490A1A /* MenuCell.swift in Sources */ = {isa = PBXBuildFile; fileRef = BF504226204CEA4A00490A1A /* MenuCell.swift */; };
		BF504229204D96CA00490A1A /* OverViewCell.swift in Sources */ = {isa = PBXBuildFile; fileRef = BF504228204D96CA00490A1A /* OverViewCell.swift */; };
		BF50422B204DF26600490A1A /* ConsonantViewCell.swift in Sources */ = {isa = PBXBuildFile; fileRef = BF50422A204DF26500490A1A /* ConsonantViewCell.swift */; };
		BF504238204E667900490A1A /* Nukon.xcdatamodeld in Sources */ = {isa = PBXBuildFile; fileRef = BF504236204E667900490A1A /* Nukon.xcdatamodeld */; };
		BF50423A2054CD1000490A1A /* CustomTabBarController.swift in Sources */ = {isa = PBXBuildFile; fileRef = BF5042392054CD0E00490A1A /* CustomTabBarController.swift */; };
		BF5FF9531FA0D35D00A46DE0 /* AppDelegate.swift in Sources */ = {isa = PBXBuildFile; fileRef = BF5FF9521FA0D35D00A46DE0 /* AppDelegate.swift */; };
		BF5FF96E1FA0D56300A46DE0 /* Main.storyboard in Resources */ = {isa = PBXBuildFile; fileRef = BF5FF96C1FA0D56300A46DE0 /* Main.storyboard */; };
		BF5FF9811FA0E2B400A46DE0 /* Japanese.swift in Sources */ = {isa = PBXBuildFile; fileRef = BF5FF9801FA0E2B400A46DE0 /* Japanese.swift */; };
		BF65B1DD2075348D00D01315 /* Writing.storyboard in Resources */ = {isa = PBXBuildFile; fileRef = BF65B1DC2075348D00D01315 /* Writing.storyboard */; };
		BF65B1DF2075486F00D01315 /* WritingViewController.swift in Sources */ = {isa = PBXBuildFile; fileRef = BF65B1DE2075486F00D01315 /* WritingViewController.swift */; };
		BF7199122038F46100E3A03D /* Speaking.storyboard in Resources */ = {isa = PBXBuildFile; fileRef = BF7199112038F46000E3A03D /* Speaking.storyboard */; };
		BF719914203BBEC100E3A03D /* Posibilities.swift in Sources */ = {isa = PBXBuildFile; fileRef = BF719913203BBEC100E3A03D /* Posibilities.swift */; };
		BF76DDDC1FD9EF4A0030F52B /* CustomImageView.swift in Sources */ = {isa = PBXBuildFile; fileRef = BF76DDD71FD9EF490030F52B /* CustomImageView.swift */; };
		BF76DDDD1FD9EF4A0030F52B /* EditProfile.swift in Sources */ = {isa = PBXBuildFile; fileRef = BF76DDD81FD9EF490030F52B /* EditProfile.swift */; };
		BF76DDDF1FD9EF4A0030F52B /* GradientView.swift in Sources */ = {isa = PBXBuildFile; fileRef = BF76DDDA1FD9EF490030F52B /* GradientView.swift */; };
		BF76DDE01FD9EF4A0030F52B /* LevelCounterView.swift in Sources */ = {isa = PBXBuildFile; fileRef = BF76DDDB1FD9EF490030F52B /* LevelCounterView.swift */; };
		BF849862207C513100570755 /* Practice.storyboard in Resources */ = {isa = PBXBuildFile; fileRef = BF849861207C513100570755 /* Practice.storyboard */; };
		BF849864207C567700570755 /* PracticeMenuCell.swift in Sources */ = {isa = PBXBuildFile; fileRef = BF849863207C567700570755 /* PracticeMenuCell.swift */; };
		BF849866207C584E00570755 /* PracticeViewController.swift in Sources */ = {isa = PBXBuildFile; fileRef = BF849865207C584E00570755 /* PracticeViewController.swift */; };
		BF849869207C6CDD00570755 /* SpeakingCell.swift in Sources */ = {isa = PBXBuildFile; fileRef = BF849867207C6CDD00570755 /* SpeakingCell.swift */; };
		BF84986A207C6CDE00570755 /* SpeakingCell.xib in Resources */ = {isa = PBXBuildFile; fileRef = BF849868207C6CDD00570755 /* SpeakingCell.xib */; };
		BF84986D207C6CF300570755 /* WritingCell.swift in Sources */ = {isa = PBXBuildFile; fileRef = BF84986B207C6CF300570755 /* WritingCell.swift */; };
		BF84986E207C6CF300570755 /* WritingCell.xib in Resources */ = {isa = PBXBuildFile; fileRef = BF84986C207C6CF300570755 /* WritingCell.xib */; };
		BF849872207D84EF00570755 /* UIImage+Extension.swift in Sources */ = {isa = PBXBuildFile; fileRef = BF849871207D84EE00570755 /* UIImage+Extension.swift */; };
		BF849875207D850700570755 /* hiraganaModel3.mlmodel in Sources */ = {isa = PBXBuildFile; fileRef = BF849874207D850700570755 /* hiraganaModel3.mlmodel */; };
		BF849877207E84ED00570755 /* katakanaModel.mlmodel in Sources */ = {isa = PBXBuildFile; fileRef = BF849876207E84EC00570755 /* katakanaModel.mlmodel */; };
		BF93FD871FA7AAF7003C9F73 /* ShowCharactersViewController.swift in Sources */ = {isa = PBXBuildFile; fileRef = BF93FD861FA7AAF7003C9F73 /* ShowCharactersViewController.swift */; };
		BF97052C1FCBBDAD00A95E56 /* DateToString.swift in Sources */ = {isa = PBXBuildFile; fileRef = BF97052B1FCBBDAD00A95E56 /* DateToString.swift */; };
		BF9ADFCF202AC01A0024A71C /* CharactersSelection.storyboard in Resources */ = {isa = PBXBuildFile; fileRef = BF9ADFCE202AC01A0024A71C /* CharactersSelection.storyboard */; };
		BF9ADFD1202AC16E0024A71C /* JapaneseCharactersCollectionViewController.swift in Sources */ = {isa = PBXBuildFile; fileRef = BF9ADFD0202AC16E0024A71C /* JapaneseCharactersCollectionViewController.swift */; };
		BF9ADFEA202BF1290024A71C /* FirstCharacterCell.swift in Sources */ = {isa = PBXBuildFile; fileRef = BF9ADFE8202BF1290024A71C /* FirstCharacterCell.swift */; };
		BF9ADFEB202BF1290024A71C /* FirstCharacterCell.xib in Resources */ = {isa = PBXBuildFile; fileRef = BF9ADFE9202BF1290024A71C /* FirstCharacterCell.xib */; };
		BF9ADFED202D72BB0024A71C /* UPCarouselFlowLayout.swift in Sources */ = {isa = PBXBuildFile; fileRef = BF9ADFEC202D72BA0024A71C /* UPCarouselFlowLayout.swift */; };
		BFA13972204BCA7A00A28AA1 /* Assets.xcassets in Resources */ = {isa = PBXBuildFile; fileRef = BFA13971204BCA7A00A28AA1 /* Assets.xcassets */; };
		BFD0D7D21FDF6379000D6F1C /* MGPhotoHelper.swift in Sources */ = {isa = PBXBuildFile; fileRef = BFD0D7D11FDF6378000D6F1C /* MGPhotoHelper.swift */; };
		BFE76F1B20425A4C005E9F0C /* CoreDataStack.swift in Sources */ = {isa = PBXBuildFile; fileRef = BFE76F1A20425A4C005E9F0C /* CoreDataStack.swift */; };
		BFE76F2820433847005E9F0C /* OverViewCollectionViewCell.swift in Sources */ = {isa = PBXBuildFile; fileRef = BFE76F2620433847005E9F0C /* OverViewCollectionViewCell.swift */; };
		BFE76F2920433847005E9F0C /* OverViewCollectionViewCell.xib in Resources */ = {isa = PBXBuildFile; fileRef = BFE76F2720433847005E9F0C /* OverViewCollectionViewCell.xib */; };
		F60611DA2049F673007407C3 /* MenuButton.swift in Sources */ = {isa = PBXBuildFile; fileRef = F60611D92049F673007407C3 /* MenuButton.swift */; };
		F611A6AE1FDCA878004B4138 /* tabGradientButton.swift in Sources */ = {isa = PBXBuildFile; fileRef = F611A6AD1FDCA878004B4138 /* tabGradientButton.swift */; };
		F629807C2063770800356A55 /* launch.mp3 in Resources */ = {isa = PBXBuildFile; fileRef = F629807B2063770800356A55 /* launch.mp3 */; };
		F629807E20638CD200356A55 /* LaunchScreenViewController.swift in Sources */ = {isa = PBXBuildFile; fileRef = F629807D20638CD200356A55 /* LaunchScreenViewController.swift */; };
		F629808020638DE100356A55 /* LaunchScreenBackground.swift in Sources */ = {isa = PBXBuildFile; fileRef = F629807F20638DE100356A55 /* LaunchScreenBackground.swift */; };
		F62980822064425E00356A55 /* inflate.mp3 in Resources */ = {isa = PBXBuildFile; fileRef = F62980812064425E00356A55 /* inflate.mp3 */; };
		F63A61D3205AFAED00D86CC5 /* Stretch.mp3 in Resources */ = {isa = PBXBuildFile; fileRef = F63A61D2205AFAED00D86CC5 /* Stretch.mp3 */; };
		F63A61D5205B1FDC00D86CC5 /* realStretch.mp3 in Resources */ = {isa = PBXBuildFile; fileRef = F63A61D4205B1FDC00D86CC5 /* realStretch.mp3 */; };
		F63A61D7205B548D00D86CC5 /* cartoon.mp3 in Resources */ = {isa = PBXBuildFile; fileRef = F63A61D6205B548D00D86CC5 /* cartoon.mp3 */; };
		F649BAE42057395B0026733F /* swooshTwo.mp3 in Resources */ = {isa = PBXBuildFile; fileRef = F649BADB2057395A0026733F /* swooshTwo.mp3 */; };
		F649BAE52057395B0026733F /* boing.mp3 in Resources */ = {isa = PBXBuildFile; fileRef = F649BADC2057395A0026733F /* boing.mp3 */; };
		F649BAE62057395B0026733F /* swooshBackThree.mp3 in Resources */ = {isa = PBXBuildFile; fileRef = F649BADD2057395A0026733F /* swooshBackThree.mp3 */; };
		F649BAE72057395B0026733F /* bell_2x.mp3 in Resources */ = {isa = PBXBuildFile; fileRef = F649BADE2057395A0026733F /* bell_2x.mp3 */; };
		F649BAE82057395B0026733F /* swooshBackOne.mp3 in Resources */ = {isa = PBXBuildFile; fileRef = F649BADF2057395A0026733F /* swooshBackOne.mp3 */; };
		F649BAE92057395B0026733F /* swooshThree.mp3 in Resources */ = {isa = PBXBuildFile; fileRef = F649BAE02057395A0026733F /* swooshThree.mp3 */; };
		F649BAEA2057395B0026733F /* bell_1x.mp3 in Resources */ = {isa = PBXBuildFile; fileRef = F649BAE12057395A0026733F /* bell_1x.mp3 */; };
		F649BAEB2057395B0026733F /* swooshBackTwo.mp3 in Resources */ = {isa = PBXBuildFile; fileRef = F649BAE22057395A0026733F /* swooshBackTwo.mp3 */; };
		F649BAEC2057395B0026733F /* swooshOne.mp3 in Resources */ = {isa = PBXBuildFile; fileRef = F649BAE32057395A0026733F /* swooshOne.mp3 */; };
		F64BBE582056E3ED00909ED8 /* SoundEffects.swift in Sources */ = {isa = PBXBuildFile; fileRef = F64BBE572056E3ED00909ED8 /* SoundEffects.swift */; };
		F64CE7702045AC2000C480EB /* HiraganaHomeScreen.storyboard in Resources */ = {isa = PBXBuildFile; fileRef = F64CE76F2045AC2000C480EB /* HiraganaHomeScreen.storyboard */; };
		F64CE7722045AC9000C480EB /* HiraganaHomeScreenViewController.swift in Sources */ = {isa = PBXBuildFile; fileRef = F64CE7712045AC9000C480EB /* HiraganaHomeScreenViewController.swift */; };
		F691EEF92048B6CF00ED5DA8 /* SunButton.swift in Sources */ = {isa = PBXBuildFile; fileRef = F691EEF82048B6CF00ED5DA8 /* SunButton.swift */; };
		F691EEFC2048BB4000ED5DA8 /* Extensions.swift in Sources */ = {isa = PBXBuildFile; fileRef = F691EEFB2048BB4000ED5DA8 /* Extensions.swift */; };
		F6ADBD4F205DB114008576D5 /* Exit.swift in Sources */ = {isa = PBXBuildFile; fileRef = F6ADBD4E205DB114008576D5 /* Exit.swift */; };
		F6ADBD51205DCB9D008576D5 /* water.mp3 in Resources */ = {isa = PBXBuildFile; fileRef = F6ADBD50205DCB9D008576D5 /* water.mp3 */; };
		F6AED90120575BA100BCC631 /* CircularTransition.swift in Sources */ = {isa = PBXBuildFile; fileRef = F6AED90020575BA100BCC631 /* CircularTransition.swift */; };
		F6AED9092058511700BCC631 /* SimpleTransition.swift in Sources */ = {isa = PBXBuildFile; fileRef = F6AED9082058511700BCC631 /* SimpleTransition.swift */; };
		F6DC51AE2062DD4B00B12027 /* LaunchScreen.storyboard in Resources */ = {isa = PBXBuildFile; fileRef = F6DC51AD2062DD4B00B12027 /* LaunchScreen.storyboard */; };
/* End PBXBuildFile section */

/* Begin PBXFileReference section */
		BF0A86981FB8C32B00B8305A /* AlertHelper.swift */ = {isa = PBXFileReference; lastKnownFileType = sourcecode.swift; path = AlertHelper.swift; sourceTree = "<group>"; };
		BF4ABFDE1FAE266E000EBCD3 /* JapaneseCharacters.swift */ = {isa = PBXFileReference; lastKnownFileType = sourcecode.swift; path = JapaneseCharacters.swift; sourceTree = "<group>"; };
		BF504222204CCAAD00490A1A /* MenuBar.swift */ = {isa = PBXFileReference; lastKnownFileType = sourcecode.swift; path = MenuBar.swift; sourceTree = "<group>"; };
		BF504224204CCEF700490A1A /* UIView+extension.swift */ = {isa = PBXFileReference; lastKnownFileType = sourcecode.swift; path = "UIView+extension.swift"; sourceTree = "<group>"; };
		BF504226204CEA4A00490A1A /* MenuCell.swift */ = {isa = PBXFileReference; lastKnownFileType = sourcecode.swift; path = MenuCell.swift; sourceTree = "<group>"; };
		BF504228204D96CA00490A1A /* OverViewCell.swift */ = {isa = PBXFileReference; lastKnownFileType = sourcecode.swift; path = OverViewCell.swift; sourceTree = "<group>"; };
		BF50422A204DF26500490A1A /* ConsonantViewCell.swift */ = {isa = PBXFileReference; lastKnownFileType = sourcecode.swift; path = ConsonantViewCell.swift; sourceTree = "<group>"; };
		BF504237204E667900490A1A /* Nukon.xcdatamodel */ = {isa = PBXFileReference; lastKnownFileType = wrapper.xcdatamodel; path = Nukon.xcdatamodel; sourceTree = "<group>"; };
		BF5042392054CD0E00490A1A /* CustomTabBarController.swift */ = {isa = PBXFileReference; lastKnownFileType = sourcecode.swift; path = CustomTabBarController.swift; sourceTree = "<group>"; };
		BF5FF94F1FA0D35D00A46DE0 /* Nukon.app */ = {isa = PBXFileReference; explicitFileType = wrapper.application; includeInIndex = 0; path = Nukon.app; sourceTree = BUILT_PRODUCTS_DIR; };
		BF5FF9521FA0D35D00A46DE0 /* AppDelegate.swift */ = {isa = PBXFileReference; lastKnownFileType = sourcecode.swift; path = AppDelegate.swift; sourceTree = "<group>"; };
		BF5FF9611FA0D35D00A46DE0 /* Info.plist */ = {isa = PBXFileReference; lastKnownFileType = text.plist.xml; path = Info.plist; sourceTree = "<group>"; };
		BF5FF96C1FA0D56300A46DE0 /* Main.storyboard */ = {isa = PBXFileReference; fileEncoding = 4; lastKnownFileType = file.storyboard; path = Main.storyboard; sourceTree = "<group>"; };
		BF5FF9801FA0E2B400A46DE0 /* Japanese.swift */ = {isa = PBXFileReference; lastKnownFileType = sourcecode.swift; path = Japanese.swift; sourceTree = "<group>"; };
		BF65B1DC2075348D00D01315 /* Writing.storyboard */ = {isa = PBXFileReference; lastKnownFileType = file.storyboard; path = Writing.storyboard; sourceTree = "<group>"; };
		BF65B1DE2075486F00D01315 /* WritingViewController.swift */ = {isa = PBXFileReference; lastKnownFileType = sourcecode.swift; path = WritingViewController.swift; sourceTree = "<group>"; };
		BF7199112038F46000E3A03D /* Speaking.storyboard */ = {isa = PBXFileReference; fileEncoding = 4; lastKnownFileType = file.storyboard; path = Speaking.storyboard; sourceTree = "<group>"; };
		BF719913203BBEC100E3A03D /* Posibilities.swift */ = {isa = PBXFileReference; lastKnownFileType = sourcecode.swift; path = Posibilities.swift; sourceTree = "<group>"; };
		BF76DDD71FD9EF490030F52B /* CustomImageView.swift */ = {isa = PBXFileReference; fileEncoding = 4; lastKnownFileType = sourcecode.swift; path = CustomImageView.swift; sourceTree = "<group>"; };
		BF76DDD81FD9EF490030F52B /* EditProfile.swift */ = {isa = PBXFileReference; fileEncoding = 4; lastKnownFileType = sourcecode.swift; path = EditProfile.swift; sourceTree = "<group>"; };
		BF76DDDA1FD9EF490030F52B /* GradientView.swift */ = {isa = PBXFileReference; fileEncoding = 4; lastKnownFileType = sourcecode.swift; path = GradientView.swift; sourceTree = "<group>"; };
		BF76DDDB1FD9EF490030F52B /* LevelCounterView.swift */ = {isa = PBXFileReference; fileEncoding = 4; lastKnownFileType = sourcecode.swift; path = LevelCounterView.swift; sourceTree = "<group>"; };
		BF849861207C513100570755 /* Practice.storyboard */ = {isa = PBXFileReference; lastKnownFileType = file.storyboard; path = Practice.storyboard; sourceTree = "<group>"; };
		BF849863207C567700570755 /* PracticeMenuCell.swift */ = {isa = PBXFileReference; lastKnownFileType = sourcecode.swift; path = PracticeMenuCell.swift; sourceTree = "<group>"; };
		BF849865207C584E00570755 /* PracticeViewController.swift */ = {isa = PBXFileReference; lastKnownFileType = sourcecode.swift; path = PracticeViewController.swift; sourceTree = "<group>"; };
		BF849867207C6CDD00570755 /* SpeakingCell.swift */ = {isa = PBXFileReference; lastKnownFileType = sourcecode.swift; path = SpeakingCell.swift; sourceTree = "<group>"; };
		BF849868207C6CDD00570755 /* SpeakingCell.xib */ = {isa = PBXFileReference; lastKnownFileType = file.xib; path = SpeakingCell.xib; sourceTree = "<group>"; };
		BF84986B207C6CF300570755 /* WritingCell.swift */ = {isa = PBXFileReference; lastKnownFileType = sourcecode.swift; path = WritingCell.swift; sourceTree = "<group>"; };
		BF84986C207C6CF300570755 /* WritingCell.xib */ = {isa = PBXFileReference; lastKnownFileType = file.xib; path = WritingCell.xib; sourceTree = "<group>"; };
		BF849871207D84EE00570755 /* UIImage+Extension.swift */ = {isa = PBXFileReference; fileEncoding = 4; lastKnownFileType = sourcecode.swift; path = "UIImage+Extension.swift"; sourceTree = "<group>"; };
		BF849874207D850700570755 /* hiraganaModel3.mlmodel */ = {isa = PBXFileReference; lastKnownFileType = file.mlmodel; path = hiraganaModel3.mlmodel; sourceTree = "<group>"; };
		BF849876207E84EC00570755 /* katakanaModel.mlmodel */ = {isa = PBXFileReference; lastKnownFileType = file.mlmodel; path = katakanaModel.mlmodel; sourceTree = "<group>"; };
		BF93FD861FA7AAF7003C9F73 /* ShowCharactersViewController.swift */ = {isa = PBXFileReference; lastKnownFileType = sourcecode.swift; path = ShowCharactersViewController.swift; sourceTree = "<group>"; };
		BF97052B1FCBBDAD00A95E56 /* DateToString.swift */ = {isa = PBXFileReference; fileEncoding = 4; lastKnownFileType = sourcecode.swift; path = DateToString.swift; sourceTree = "<group>"; };
		BF9ADFCE202AC01A0024A71C /* CharactersSelection.storyboard */ = {isa = PBXFileReference; lastKnownFileType = file.storyboard; path = CharactersSelection.storyboard; sourceTree = "<group>"; };
		BF9ADFD0202AC16E0024A71C /* JapaneseCharactersCollectionViewController.swift */ = {isa = PBXFileReference; lastKnownFileType = sourcecode.swift; path = JapaneseCharactersCollectionViewController.swift; sourceTree = "<group>"; };
		BF9ADFE8202BF1290024A71C /* FirstCharacterCell.swift */ = {isa = PBXFileReference; lastKnownFileType = sourcecode.swift; path = FirstCharacterCell.swift; sourceTree = "<group>"; };
		BF9ADFE9202BF1290024A71C /* FirstCharacterCell.xib */ = {isa = PBXFileReference; lastKnownFileType = file.xib; path = FirstCharacterCell.xib; sourceTree = "<group>"; };
		BF9ADFEC202D72BA0024A71C /* UPCarouselFlowLayout.swift */ = {isa = PBXFileReference; fileEncoding = 4; lastKnownFileType = sourcecode.swift; path = UPCarouselFlowLayout.swift; sourceTree = "<group>"; };
		BFA13971204BCA7A00A28AA1 /* Assets.xcassets */ = {isa = PBXFileReference; lastKnownFileType = folder.assetcatalog; path = Assets.xcassets; sourceTree = "<group>"; };
		BFD0D7D11FDF6378000D6F1C /* MGPhotoHelper.swift */ = {isa = PBXFileReference; fileEncoding = 4; lastKnownFileType = sourcecode.swift; path = MGPhotoHelper.swift; sourceTree = "<group>"; };
		BFE76F1A20425A4C005E9F0C /* CoreDataStack.swift */ = {isa = PBXFileReference; lastKnownFileType = sourcecode.swift; path = CoreDataStack.swift; sourceTree = "<group>"; };
		BFE76F2620433847005E9F0C /* OverViewCollectionViewCell.swift */ = {isa = PBXFileReference; lastKnownFileType = sourcecode.swift; path = OverViewCollectionViewCell.swift; sourceTree = "<group>"; };
		BFE76F2720433847005E9F0C /* OverViewCollectionViewCell.xib */ = {isa = PBXFileReference; lastKnownFileType = file.xib; path = OverViewCollectionViewCell.xib; sourceTree = "<group>"; };
		F60611D92049F673007407C3 /* MenuButton.swift */ = {isa = PBXFileReference; lastKnownFileType = sourcecode.swift; path = MenuButton.swift; sourceTree = "<group>"; };
		F611A6AD1FDCA878004B4138 /* tabGradientButton.swift */ = {isa = PBXFileReference; lastKnownFileType = sourcecode.swift; path = tabGradientButton.swift; sourceTree = "<group>"; };
		F629807B2063770800356A55 /* launch.mp3 */ = {isa = PBXFileReference; lastKnownFileType = audio.mp3; path = launch.mp3; sourceTree = "<group>"; };
		F629807D20638CD200356A55 /* LaunchScreenViewController.swift */ = {isa = PBXFileReference; lastKnownFileType = sourcecode.swift; path = LaunchScreenViewController.swift; sourceTree = "<group>"; };
		F629807F20638DE100356A55 /* LaunchScreenBackground.swift */ = {isa = PBXFileReference; lastKnownFileType = sourcecode.swift; path = LaunchScreenBackground.swift; sourceTree = "<group>"; };
		F62980812064425E00356A55 /* inflate.mp3 */ = {isa = PBXFileReference; lastKnownFileType = audio.mp3; path = inflate.mp3; sourceTree = "<group>"; };
		F63A61D2205AFAED00D86CC5 /* Stretch.mp3 */ = {isa = PBXFileReference; lastKnownFileType = audio.mp3; path = Stretch.mp3; sourceTree = "<group>"; };
		F63A61D4205B1FDC00D86CC5 /* realStretch.mp3 */ = {isa = PBXFileReference; lastKnownFileType = audio.mp3; path = realStretch.mp3; sourceTree = "<group>"; };
		F63A61D6205B548D00D86CC5 /* cartoon.mp3 */ = {isa = PBXFileReference; lastKnownFileType = audio.mp3; path = cartoon.mp3; sourceTree = "<group>"; };
		F649BADB2057395A0026733F /* swooshTwo.mp3 */ = {isa = PBXFileReference; lastKnownFileType = audio.mp3; path = swooshTwo.mp3; sourceTree = "<group>"; };
		F649BADC2057395A0026733F /* boing.mp3 */ = {isa = PBXFileReference; lastKnownFileType = audio.mp3; path = boing.mp3; sourceTree = "<group>"; };
		F649BADD2057395A0026733F /* swooshBackThree.mp3 */ = {isa = PBXFileReference; lastKnownFileType = audio.mp3; path = swooshBackThree.mp3; sourceTree = "<group>"; };
		F649BADE2057395A0026733F /* bell_2x.mp3 */ = {isa = PBXFileReference; lastKnownFileType = audio.mp3; path = bell_2x.mp3; sourceTree = "<group>"; };
		F649BADF2057395A0026733F /* swooshBackOne.mp3 */ = {isa = PBXFileReference; lastKnownFileType = audio.mp3; path = swooshBackOne.mp3; sourceTree = "<group>"; };
		F649BAE02057395A0026733F /* swooshThree.mp3 */ = {isa = PBXFileReference; lastKnownFileType = audio.mp3; path = swooshThree.mp3; sourceTree = "<group>"; };
		F649BAE12057395A0026733F /* bell_1x.mp3 */ = {isa = PBXFileReference; lastKnownFileType = audio.mp3; path = bell_1x.mp3; sourceTree = "<group>"; };
		F649BAE22057395A0026733F /* swooshBackTwo.mp3 */ = {isa = PBXFileReference; lastKnownFileType = audio.mp3; path = swooshBackTwo.mp3; sourceTree = "<group>"; };
		F649BAE32057395A0026733F /* swooshOne.mp3 */ = {isa = PBXFileReference; lastKnownFileType = audio.mp3; path = swooshOne.mp3; sourceTree = "<group>"; };
		F64BBE572056E3ED00909ED8 /* SoundEffects.swift */ = {isa = PBXFileReference; lastKnownFileType = sourcecode.swift; path = SoundEffects.swift; sourceTree = "<group>"; };
		F64CE76F2045AC2000C480EB /* HiraganaHomeScreen.storyboard */ = {isa = PBXFileReference; lastKnownFileType = file.storyboard; path = HiraganaHomeScreen.storyboard; sourceTree = "<group>"; };
		F64CE7712045AC9000C480EB /* HiraganaHomeScreenViewController.swift */ = {isa = PBXFileReference; lastKnownFileType = sourcecode.swift; path = HiraganaHomeScreenViewController.swift; sourceTree = "<group>"; };
		F691EEF82048B6CF00ED5DA8 /* SunButton.swift */ = {isa = PBXFileReference; lastKnownFileType = sourcecode.swift; path = SunButton.swift; sourceTree = "<group>"; };
		F691EEFB2048BB4000ED5DA8 /* Extensions.swift */ = {isa = PBXFileReference; lastKnownFileType = sourcecode.swift; path = Extensions.swift; sourceTree = "<group>"; };
		F6ADBD4E205DB114008576D5 /* Exit.swift */ = {isa = PBXFileReference; lastKnownFileType = sourcecode.swift; path = Exit.swift; sourceTree = "<group>"; };
		F6ADBD50205DCB9D008576D5 /* water.mp3 */ = {isa = PBXFileReference; lastKnownFileType = audio.mp3; path = water.mp3; sourceTree = "<group>"; };
		F6AED90020575BA100BCC631 /* CircularTransition.swift */ = {isa = PBXFileReference; lastKnownFileType = sourcecode.swift; path = CircularTransition.swift; sourceTree = "<group>"; };
		F6AED9082058511700BCC631 /* SimpleTransition.swift */ = {isa = PBXFileReference; lastKnownFileType = sourcecode.swift; path = SimpleTransition.swift; sourceTree = "<group>"; };
		F6DC51AD2062DD4B00B12027 /* LaunchScreen.storyboard */ = {isa = PBXFileReference; lastKnownFileType = file.storyboard; path = LaunchScreen.storyboard; sourceTree = "<group>"; };
/* End PBXFileReference section */

/* Begin PBXFrameworksBuildPhase section */
		BF5FF94C1FA0D35D00A46DE0 /* Frameworks */ = {
			isa = PBXFrameworksBuildPhase;
			buildActionMask = 2147483647;
			files = (
			);
			runOnlyForDeploymentPostprocessing = 0;
		};
/* End PBXFrameworksBuildPhase section */

/* Begin PBXGroup section */
		BF5FF9461FA0D35D00A46DE0 = {
			isa = PBXGroup;
			children = (
				F649BADA2057395A0026733F /* Sound Effects */,
				BF5FF9511FA0D35D00A46DE0 /* Nukon */,
				BF5FF9501FA0D35D00A46DE0 /* Products */,
			);
			sourceTree = "<group>";
		};
		BF5FF9501FA0D35D00A46DE0 /* Products */ = {
			isa = PBXGroup;
			children = (
				BF5FF94F1FA0D35D00A46DE0 /* Nukon.app */,
			);
			name = Products;
			sourceTree = "<group>";
		};
		BF5FF9511FA0D35D00A46DE0 /* Nukon */ = {
			isa = PBXGroup;
			children = (
				BF849873207D850700570755 /* Train Models */,
				F691EEFA2048BB2400ED5DA8 /* Extensions */,
				BF76DDD61FD9EF490030F52B /* Custom View Classes */,
				BF5FF9671FA0D56300A46DE0 /* Controllers */,
				BF5FF96B1FA0D56300A46DE0 /* Storyboards */,
				BF5FF96F1FA0D57200A46DE0 /* Views */,
				BF5FF9711FA0D57200A46DE0 /* Models */,
				BF5FF9701FA0D57200A46DE0 /* Helpers */,
				BF5FF96A1FA0D56300A46DE0 /* Supportings */,
				BF5FF9521FA0D35D00A46DE0 /* AppDelegate.swift */,
				BFA13971204BCA7A00A28AA1 /* Assets.xcassets */,
				BF5FF9611FA0D35D00A46DE0 /* Info.plist */,
			);
			path = Nukon;
			sourceTree = "<group>";
		};
		BF5FF9671FA0D56300A46DE0 /* Controllers */ = {
			isa = PBXGroup;
			children = (
				F64CE7712045AC9000C480EB /* HiraganaHomeScreenViewController.swift */,
				BF9ADFD0202AC16E0024A71C /* JapaneseCharactersCollectionViewController.swift */,
				BF849865207C584E00570755 /* PracticeViewController.swift */,
				BF93FD861FA7AAF7003C9F73 /* ShowCharactersViewController.swift */,
				BF65B1DE2075486F00D01315 /* WritingViewController.swift */,
				F629807D20638CD200356A55 /* LaunchScreenViewController.swift */,
			);
			path = Controllers;
			sourceTree = "<group>";
		};
		BF5FF96A1FA0D56300A46DE0 /* Supportings */ = {
			isa = PBXGroup;
			children = (
				BF97052B1FCBBDAD00A95E56 /* DateToString.swift */,
			);
			path = Supportings;
			sourceTree = "<group>";
		};
		BF5FF96B1FA0D56300A46DE0 /* Storyboards */ = {
			isa = PBXGroup;
			children = (
				BF5FF96C1FA0D56300A46DE0 /* Main.storyboard */,
				F64CE76F2045AC2000C480EB /* HiraganaHomeScreen.storyboard */,
				BF9ADFCE202AC01A0024A71C /* CharactersSelection.storyboard */,
				BF7199112038F46000E3A03D /* Speaking.storyboard */,
				BF65B1DC2075348D00D01315 /* Writing.storyboard */,
				BF849861207C513100570755 /* Practice.storyboard */,
				F6DC51AD2062DD4B00B12027 /* LaunchScreen.storyboard */,
			);
			path = Storyboards;
			sourceTree = "<group>";
		};
		BF5FF96F1FA0D57200A46DE0 /* Views */ = {
			isa = PBXGroup;
			children = (
				BF504226204CEA4A00490A1A /* MenuCell.swift */,
				BF50422A204DF26500490A1A /* ConsonantViewCell.swift */,
				BF9ADFE8202BF1290024A71C /* FirstCharacterCell.swift */,
				BF9ADFE9202BF1290024A71C /* FirstCharacterCell.xib */,
				BF504228204D96CA00490A1A /* OverViewCell.swift */,
				BFE76F2620433847005E9F0C /* OverViewCollectionViewCell.swift */,
				BFE76F2720433847005E9F0C /* OverViewCollectionViewCell.xib */,
				BF849863207C567700570755 /* PracticeMenuCell.swift */,
				BF849867207C6CDD00570755 /* SpeakingCell.swift */,
				BF849868207C6CDD00570755 /* SpeakingCell.xib */,
				BF84986B207C6CF300570755 /* WritingCell.swift */,
				BF84986C207C6CF300570755 /* WritingCell.xib */,
			);
			path = Views;
			sourceTree = "<group>";
		};
		BF5FF9701FA0D57200A46DE0 /* Helpers */ = {
			isa = PBXGroup;
			children = (
				BF9ADFEC202D72BA0024A71C /* UPCarouselFlowLayout.swift */,
				BFD0D7D11FDF6378000D6F1C /* MGPhotoHelper.swift */,
				BF0A86981FB8C32B00B8305A /* AlertHelper.swift */,
				BFE76F1A20425A4C005E9F0C /* CoreDataStack.swift */,
			);
			path = Helpers;
			sourceTree = "<group>";
		};
		BF5FF9711FA0D57200A46DE0 /* Models */ = {
			isa = PBXGroup;
			children = (
				BF504236204E667900490A1A /* Nukon.xcdatamodeld */,
				BF5FF9801FA0E2B400A46DE0 /* Japanese.swift */,
				BF4ABFDE1FAE266E000EBCD3 /* JapaneseCharacters.swift */,
				BF719913203BBEC100E3A03D /* Posibilities.swift */,
			);
			path = Models;
			sourceTree = "<group>";
		};
		BF76DDD61FD9EF490030F52B /* Custom View Classes */ = {
			isa = PBXGroup;
			children = (
				F6AED8FF20575B8600BCC631 /* TransitionEffects */,
				BF76DDD71FD9EF490030F52B /* CustomImageView.swift */,
				BF76DDD81FD9EF490030F52B /* EditProfile.swift */,
				BF76DDDA1FD9EF490030F52B /* GradientView.swift */,
				BF76DDDB1FD9EF490030F52B /* LevelCounterView.swift */,
				F611A6AD1FDCA878004B4138 /* tabGradientButton.swift */,
				BF504222204CCAAD00490A1A /* MenuBar.swift */,
				BF504224204CCEF700490A1A /* UIView+extension.swift */,
				F691EEF82048B6CF00ED5DA8 /* SunButton.swift */,
				F60611D92049F673007407C3 /* MenuButton.swift */,
				BF5042392054CD0E00490A1A /* CustomTabBarController.swift */,
				F64BBE572056E3ED00909ED8 /* SoundEffects.swift */,
				F6ADBD4E205DB114008576D5 /* Exit.swift */,
				F629807F20638DE100356A55 /* LaunchScreenBackground.swift */,
			);
			path = "Custom View Classes";
			sourceTree = "<group>";
		};
		BF849873207D850700570755 /* Train Models */ = {
			isa = PBXGroup;
			children = (
				BF849876207E84EC00570755 /* katakanaModel.mlmodel */,
				BF849874207D850700570755 /* hiraganaModel3.mlmodel */,
			);
			path = "Train Models";
			sourceTree = "<group>";
		};
		F649BADA2057395A0026733F /* Sound Effects */ = {
			isa = PBXGroup;
			children = (
				F62980812064425E00356A55 /* inflate.mp3 */,
				F629807B2063770800356A55 /* launch.mp3 */,
				F63A61D6205B548D00D86CC5 /* cartoon.mp3 */,
				F63A61D2205AFAED00D86CC5 /* Stretch.mp3 */,
				F63A61D4205B1FDC00D86CC5 /* realStretch.mp3 */,
				F649BADB2057395A0026733F /* swooshTwo.mp3 */,
				F649BADC2057395A0026733F /* boing.mp3 */,
				F6ADBD50205DCB9D008576D5 /* water.mp3 */,
				F649BADD2057395A0026733F /* swooshBackThree.mp3 */,
				F649BADE2057395A0026733F /* bell_2x.mp3 */,
				F649BADF2057395A0026733F /* swooshBackOne.mp3 */,
				F649BAE02057395A0026733F /* swooshThree.mp3 */,
				F649BAE12057395A0026733F /* bell_1x.mp3 */,
				F649BAE22057395A0026733F /* swooshBackTwo.mp3 */,
				F649BAE32057395A0026733F /* swooshOne.mp3 */,
			);
			path = "Sound Effects";
			sourceTree = "<group>";
		};
		F691EEFA2048BB2400ED5DA8 /* Extensions */ = {
			isa = PBXGroup;
			children = (
				BF849871207D84EE00570755 /* UIImage+Extension.swift */,
				F691EEFB2048BB4000ED5DA8 /* Extensions.swift */,
			);
			path = Extensions;
			sourceTree = "<group>";
		};
		F6AED8FF20575B8600BCC631 /* TransitionEffects */ = {
			isa = PBXGroup;
			children = (
				F6AED90020575BA100BCC631 /* CircularTransition.swift */,
				F6AED9082058511700BCC631 /* SimpleTransition.swift */,
			);
			path = TransitionEffects;
			sourceTree = "<group>";
		};
/* End PBXGroup section */

/* Begin PBXNativeTarget section */
		BF5FF94E1FA0D35D00A46DE0 /* Nukon */ = {
			isa = PBXNativeTarget;
			buildConfigurationList = BF5FF9641FA0D35D00A46DE0 /* Build configuration list for PBXNativeTarget "Nukon" */;
			buildPhases = (
				BF5FF94B1FA0D35D00A46DE0 /* Sources */,
				BF5FF94C1FA0D35D00A46DE0 /* Frameworks */,
				BF5FF94D1FA0D35D00A46DE0 /* Resources */,
			);
			buildRules = (
			);
			dependencies = (
			);
			name = Nukon;
			productName = Nukon;
			productReference = BF5FF94F1FA0D35D00A46DE0 /* Nukon.app */;
			productType = "com.apple.product-type.application";
		};
/* End PBXNativeTarget section */

/* Begin PBXProject section */
		BF5FF9471FA0D35D00A46DE0 /* Project object */ = {
			isa = PBXProject;
			attributes = {
				LastSwiftUpdateCheck = 0900;
				LastUpgradeCheck = 0900;
				ORGANIZATIONNAME = "Momose Mauldin";
				TargetAttributes = {
					BF5FF94E1FA0D35D00A46DE0 = {
						CreatedOnToolsVersion = 9.0;
						LastSwiftMigration = 0920;
						ProvisioningStyle = Automatic;
					};
				};
			};
			buildConfigurationList = BF5FF94A1FA0D35D00A46DE0 /* Build configuration list for PBXProject "Nukon" */;
			compatibilityVersion = "Xcode 9.3";
			developmentRegion = en;
			hasScannedForEncodings = 0;
			knownRegions = (
				en,
				Base,
			);
			mainGroup = BF5FF9461FA0D35D00A46DE0;
			productRefGroup = BF5FF9501FA0D35D00A46DE0 /* Products */;
			projectDirPath = "";
			projectRoot = "";
			targets = (
				BF5FF94E1FA0D35D00A46DE0 /* Nukon */,
			);
		};
/* End PBXProject section */

/* Begin PBXResourcesBuildPhase section */
		BF5FF94D1FA0D35D00A46DE0 /* Resources */ = {
			isa = PBXResourcesBuildPhase;
			buildActionMask = 2147483647;
			files = (
				F649BAEA2057395B0026733F /* bell_1x.mp3 in Resources */,
				F629807C2063770800356A55 /* launch.mp3 in Resources */,
				F649BAE92057395B0026733F /* swooshThree.mp3 in Resources */,
				F649BAE42057395B0026733F /* swooshTwo.mp3 in Resources */,
				F64CE7702045AC2000C480EB /* HiraganaHomeScreen.storyboard in Resources */,
				BF5FF96E1FA0D56300A46DE0 /* Main.storyboard in Resources */,
				F62980822064425E00356A55 /* inflate.mp3 in Resources */,
				F649BAE72057395B0026733F /* bell_2x.mp3 in Resources */,
				F649BAE62057395B0026733F /* swooshBackThree.mp3 in Resources */,
				BF9ADFCF202AC01A0024A71C /* CharactersSelection.storyboard in Resources */,
				F63A61D5205B1FDC00D86CC5 /* realStretch.mp3 in Resources */,
				F649BAEC2057395B0026733F /* swooshOne.mp3 in Resources */,
				BF7199122038F46100E3A03D /* Speaking.storyboard in Resources */,
				BF65B1DD2075348D00D01315 /* Writing.storyboard in Resources */,
				BF9ADFEB202BF1290024A71C /* FirstCharacterCell.xib in Resources */,
				F63A61D7205B548D00D86CC5 /* cartoon.mp3 in Resources */,
				BFE76F2920433847005E9F0C /* OverViewCollectionViewCell.xib in Resources */,
				F649BAE82057395B0026733F /* swooshBackOne.mp3 in Resources */,
				BF84986E207C6CF300570755 /* WritingCell.xib in Resources */,
				BFA13972204BCA7A00A28AA1 /* Assets.xcassets in Resources */,
				BF84986A207C6CDE00570755 /* SpeakingCell.xib in Resources */,
				F6ADBD51205DCB9D008576D5 /* water.mp3 in Resources */,
				BF849862207C513100570755 /* Practice.storyboard in Resources */,
				F63A61D3205AFAED00D86CC5 /* Stretch.mp3 in Resources */,
				F649BAE52057395B0026733F /* boing.mp3 in Resources */,
				F6DC51AE2062DD4B00B12027 /* LaunchScreen.storyboard in Resources */,
				F649BAEB2057395B0026733F /* swooshBackTwo.mp3 in Resources */,
			);
			runOnlyForDeploymentPostprocessing = 0;
		};
/* End PBXResourcesBuildPhase section */

/* Begin PBXSourcesBuildPhase section */
		BF5FF94B1FA0D35D00A46DE0 /* Sources */ = {
			isa = PBXSourcesBuildPhase;
			buildActionMask = 2147483647;
			files = (
				BF84986D207C6CF300570755 /* WritingCell.swift in Sources */,
				BF849864207C567700570755 /* PracticeMenuCell.swift in Sources */,
				BF5FF9811FA0E2B400A46DE0 /* Japanese.swift in Sources */,
				BF65B1DF2075486F00D01315 /* WritingViewController.swift in Sources */,
				BF97052C1FCBBDAD00A95E56 /* DateToString.swift in Sources */,
				BF50423A2054CD1000490A1A /* CustomTabBarController.swift in Sources */,
				BF0A86991FB8C32B00B8305A /* AlertHelper.swift in Sources */,
				F691EEF92048B6CF00ED5DA8 /* SunButton.swift in Sources */,
				BF93FD871FA7AAF7003C9F73 /* ShowCharactersViewController.swift in Sources */,
				BF719914203BBEC100E3A03D /* Posibilities.swift in Sources */,
				F629808020638DE100356A55 /* LaunchScreenBackground.swift in Sources */,
				F64BBE582056E3ED00909ED8 /* SoundEffects.swift in Sources */,
				BF50422B204DF26600490A1A /* ConsonantViewCell.swift in Sources */,
				BF76DDDD1FD9EF4A0030F52B /* EditProfile.swift in Sources */,
				BF504225204CCEF700490A1A /* UIView+extension.swift in Sources */,
				BF9ADFEA202BF1290024A71C /* FirstCharacterCell.swift in Sources */,
				BF504223204CCAAD00490A1A /* MenuBar.swift in Sources */,
				BFD0D7D21FDF6379000D6F1C /* MGPhotoHelper.swift in Sources */,
				BF5FF9531FA0D35D00A46DE0 /* AppDelegate.swift in Sources */,
				BF504238204E667900490A1A /* Nukon.xcdatamodeld in Sources */,
				BF9ADFED202D72BB0024A71C /* UPCarouselFlowLayout.swift in Sources */,
				BF9ADFD1202AC16E0024A71C /* JapaneseCharactersCollectionViewController.swift in Sources */,
				F611A6AE1FDCA878004B4138 /* tabGradientButton.swift in Sources */,
				BFE76F2820433847005E9F0C /* OverViewCollectionViewCell.swift in Sources */,
				BFE76F1B20425A4C005E9F0C /* CoreDataStack.swift in Sources */,
				BF76DDE01FD9EF4A0030F52B /* LevelCounterView.swift in Sources */,
				BF4ABFDF1FAE266E000EBCD3 /* JapaneseCharacters.swift in Sources */,
				BF849869207C6CDD00570755 /* SpeakingCell.swift in Sources */,
				BF504229204D96CA00490A1A /* OverViewCell.swift in Sources */,
				BF849872207D84EF00570755 /* UIImage+Extension.swift in Sources */,
				F6ADBD4F205DB114008576D5 /* Exit.swift in Sources */,
				F6AED9092058511700BCC631 /* SimpleTransition.swift in Sources */,
				BF76DDDF1FD9EF4A0030F52B /* GradientView.swift in Sources */,
				F6AED90120575BA100BCC631 /* CircularTransition.swift in Sources */,
				BF504227204CEA4A00490A1A /* MenuCell.swift in Sources */,
				F60611DA2049F673007407C3 /* MenuButton.swift in Sources */,
				BF849866207C584E00570755 /* PracticeViewController.swift in Sources */,
				BF849875207D850700570755 /* hiraganaModel3.mlmodel in Sources */,
				F691EEFC2048BB4000ED5DA8 /* Extensions.swift in Sources */,
				F64CE7722045AC9000C480EB /* HiraganaHomeScreenViewController.swift in Sources */,
				F629807E20638CD200356A55 /* LaunchScreenViewController.swift in Sources */,
				BF76DDDC1FD9EF4A0030F52B /* CustomImageView.swift in Sources */,
				BF849877207E84ED00570755 /* katakanaModel.mlmodel in Sources */,
			);
			runOnlyForDeploymentPostprocessing = 0;
		};
/* End PBXSourcesBuildPhase section */

/* Begin XCBuildConfiguration section */
		BF5FF9621FA0D35D00A46DE0 /* Debug */ = {
			isa = XCBuildConfiguration;
			buildSettings = {
				ALWAYS_SEARCH_USER_PATHS = NO;
				CLANG_ANALYZER_NONNULL = YES;
				CLANG_ANALYZER_NUMBER_OBJECT_CONVERSION = YES_AGGRESSIVE;
				CLANG_CXX_LANGUAGE_STANDARD = "gnu++14";
				CLANG_CXX_LIBRARY = "libc++";
				CLANG_ENABLE_MODULES = YES;
				CLANG_ENABLE_OBJC_ARC = YES;
				CLANG_WARN_BLOCK_CAPTURE_AUTORELEASING = YES;
				CLANG_WARN_BOOL_CONVERSION = YES;
				CLANG_WARN_COMMA = YES;
				CLANG_WARN_CONSTANT_CONVERSION = YES;
				CLANG_WARN_DIRECT_OBJC_ISA_USAGE = YES_ERROR;
				CLANG_WARN_DOCUMENTATION_COMMENTS = YES;
				CLANG_WARN_EMPTY_BODY = YES;
				CLANG_WARN_ENUM_CONVERSION = YES;
				CLANG_WARN_INFINITE_RECURSION = YES;
				CLANG_WARN_INT_CONVERSION = YES;
				CLANG_WARN_NON_LITERAL_NULL_CONVERSION = YES;
				CLANG_WARN_OBJC_LITERAL_CONVERSION = YES;
				CLANG_WARN_OBJC_ROOT_CLASS = YES_ERROR;
				CLANG_WARN_RANGE_LOOP_ANALYSIS = YES;
				CLANG_WARN_STRICT_PROTOTYPES = YES;
				CLANG_WARN_SUSPICIOUS_MOVE = YES;
				CLANG_WARN_UNGUARDED_AVAILABILITY = YES_AGGRESSIVE;
				CLANG_WARN_UNREACHABLE_CODE = YES;
				CLANG_WARN__DUPLICATE_METHOD_MATCH = YES;
				CODE_SIGN_IDENTITY = "iPhone Developer";
				COPY_PHASE_STRIP = NO;
				DEBUG_INFORMATION_FORMAT = dwarf;
				ENABLE_STRICT_OBJC_MSGSEND = YES;
				ENABLE_TESTABILITY = YES;
				GCC_C_LANGUAGE_STANDARD = gnu11;
				GCC_DYNAMIC_NO_PIC = NO;
				GCC_NO_COMMON_BLOCKS = YES;
				GCC_OPTIMIZATION_LEVEL = 0;
				GCC_PREPROCESSOR_DEFINITIONS = (
					"DEBUG=1",
					"$(inherited)",
				);
				GCC_WARN_64_TO_32_BIT_CONVERSION = YES;
				GCC_WARN_ABOUT_RETURN_TYPE = YES_ERROR;
				GCC_WARN_UNDECLARED_SELECTOR = YES;
				GCC_WARN_UNINITIALIZED_AUTOS = YES_AGGRESSIVE;
				GCC_WARN_UNUSED_FUNCTION = YES;
				GCC_WARN_UNUSED_VARIABLE = YES;
				IPHONEOS_DEPLOYMENT_TARGET = 11.0;
				MTL_ENABLE_DEBUG_INFO = YES;
				ONLY_ACTIVE_ARCH = YES;
				SDKROOT = iphoneos;
				SWIFT_ACTIVE_COMPILATION_CONDITIONS = DEBUG;
				SWIFT_COMPILATION_MODE = singlefile;
				SWIFT_OPTIMIZATION_LEVEL = "-Onone";
			};
			name = Debug;
		};
		BF5FF9631FA0D35D00A46DE0 /* Release */ = {
			isa = XCBuildConfiguration;
			buildSettings = {
				ALWAYS_SEARCH_USER_PATHS = NO;
				CLANG_ANALYZER_NONNULL = YES;
				CLANG_ANALYZER_NUMBER_OBJECT_CONVERSION = YES_AGGRESSIVE;
				CLANG_CXX_LANGUAGE_STANDARD = "gnu++14";
				CLANG_CXX_LIBRARY = "libc++";
				CLANG_ENABLE_MODULES = YES;
				CLANG_ENABLE_OBJC_ARC = YES;
				CLANG_WARN_BLOCK_CAPTURE_AUTORELEASING = YES;
				CLANG_WARN_BOOL_CONVERSION = YES;
				CLANG_WARN_COMMA = YES;
				CLANG_WARN_CONSTANT_CONVERSION = YES;
				CLANG_WARN_DIRECT_OBJC_ISA_USAGE = YES_ERROR;
				CLANG_WARN_DOCUMENTATION_COMMENTS = YES;
				CLANG_WARN_EMPTY_BODY = YES;
				CLANG_WARN_ENUM_CONVERSION = YES;
				CLANG_WARN_INFINITE_RECURSION = YES;
				CLANG_WARN_INT_CONVERSION = YES;
				CLANG_WARN_NON_LITERAL_NULL_CONVERSION = YES;
				CLANG_WARN_OBJC_LITERAL_CONVERSION = YES;
				CLANG_WARN_OBJC_ROOT_CLASS = YES_ERROR;
				CLANG_WARN_RANGE_LOOP_ANALYSIS = YES;
				CLANG_WARN_STRICT_PROTOTYPES = YES;
				CLANG_WARN_SUSPICIOUS_MOVE = YES;
				CLANG_WARN_UNGUARDED_AVAILABILITY = YES_AGGRESSIVE;
				CLANG_WARN_UNREACHABLE_CODE = YES;
				CLANG_WARN__DUPLICATE_METHOD_MATCH = YES;
				CODE_SIGN_IDENTITY = "iPhone Developer";
				COPY_PHASE_STRIP = NO;
				DEBUG_INFORMATION_FORMAT = "dwarf-with-dsym";
				ENABLE_NS_ASSERTIONS = NO;
				ENABLE_STRICT_OBJC_MSGSEND = YES;
				GCC_C_LANGUAGE_STANDARD = gnu11;
				GCC_NO_COMMON_BLOCKS = YES;
				GCC_WARN_64_TO_32_BIT_CONVERSION = YES;
				GCC_WARN_ABOUT_RETURN_TYPE = YES_ERROR;
				GCC_WARN_UNDECLARED_SELECTOR = YES;
				GCC_WARN_UNINITIALIZED_AUTOS = YES_AGGRESSIVE;
				GCC_WARN_UNUSED_FUNCTION = YES;
				GCC_WARN_UNUSED_VARIABLE = YES;
				IPHONEOS_DEPLOYMENT_TARGET = 11.0;
				MTL_ENABLE_DEBUG_INFO = NO;
				SDKROOT = iphoneos;
				SWIFT_COMPILATION_MODE = wholemodule;
				SWIFT_OPTIMIZATION_LEVEL = "-O";
				VALIDATE_PRODUCT = YES;
			};
			name = Release;
		};
		BF5FF9651FA0D35D00A46DE0 /* Debug */ = {
			isa = XCBuildConfiguration;
			buildSettings = {
				ASSETCATALOG_COMPILER_APPICON_NAME = AppIcon;
				CLANG_ENABLE_MODULES = YES;
				CODE_SIGN_STYLE = Automatic;
				DEVELOPMENT_TEAM = K62Y623GK6;
				INFOPLIST_FILE = Nukon/Info.plist;
				IPHONEOS_DEPLOYMENT_TARGET = 11.0;
				LD_RUNPATH_SEARCH_PATHS = (
					"$(inherited)",
					"@executable_path/Frameworks",
				);
				PRODUCT_BUNDLE_IDENTIFIER = "com.mauldin-momoseNukon";
				PRODUCT_NAME = "$(TARGET_NAME)";
				SWIFT_COMPILATION_MODE = singlefile;
				SWIFT_OPTIMIZATION_LEVEL = "-Onone";
				SWIFT_VERSION = 4.0;
				TARGETED_DEVICE_FAMILY = 1;
			};
			name = Debug;
		};
		BF5FF9661FA0D35D00A46DE0 /* Release */ = {
			isa = XCBuildConfiguration;
			buildSettings = {
				ASSETCATALOG_COMPILER_APPICON_NAME = AppIcon;
				CLANG_ENABLE_MODULES = YES;
				CODE_SIGN_STYLE = Automatic;
				DEVELOPMENT_TEAM = K62Y623GK6;
				INFOPLIST_FILE = Nukon/Info.plist;
				IPHONEOS_DEPLOYMENT_TARGET = 11.0;
				LD_RUNPATH_SEARCH_PATHS = (
					"$(inherited)",
					"@executable_path/Frameworks",
				);
				PRODUCT_BUNDLE_IDENTIFIER = "com.mauldin-momoseNukon";
				PRODUCT_NAME = "$(TARGET_NAME)";
				SWIFT_VERSION = 4.0;
				TARGETED_DEVICE_FAMILY = 1;
			};
			name = Release;
		};
/* End XCBuildConfiguration section */

/* Begin XCConfigurationList section */
		BF5FF94A1FA0D35D00A46DE0 /* Build configuration list for PBXProject "Nukon" */ = {
			isa = XCConfigurationList;
			buildConfigurations = (
				BF5FF9621FA0D35D00A46DE0 /* Debug */,
				BF5FF9631FA0D35D00A46DE0 /* Release */,
			);
			defaultConfigurationIsVisible = 0;
			defaultConfigurationName = Release;
		};
		BF5FF9641FA0D35D00A46DE0 /* Build configuration list for PBXNativeTarget "Nukon" */ = {
			isa = XCConfigurationList;
			buildConfigurations = (
				BF5FF9651FA0D35D00A46DE0 /* Debug */,
				BF5FF9661FA0D35D00A46DE0 /* Release */,
			);
			defaultConfigurationIsVisible = 0;
			defaultConfigurationName = Release;
		};
/* End XCConfigurationList section */

/* Begin XCVersionGroup section */
		BF504236204E667900490A1A /* Nukon.xcdatamodeld */ = {
			isa = XCVersionGroup;
			children = (
				BF504237204E667900490A1A /* Nukon.xcdatamodel */,
			);
			currentVersion = BF504237204E667900490A1A /* Nukon.xcdatamodel */;
			path = Nukon.xcdatamodeld;
			sourceTree = "<group>";
			versionGroupType = wrapper.xcdatamodel;
		};
/* End XCVersionGroup section */
	};
	rootObject = BF5FF9471FA0D35D00A46DE0 /* Project object */;
}
